{
  "name": "node-ws-slow-client-buffer-leak",
  "version": "1.0.0",
  "lockfileVersion": 1,
  "requires": true,
  "dependencies": {
    "array-matrix": {
      "version": "1.0.0",
      "resolved": "https://registry.npmjs.org/array-matrix/-/array-matrix-1.0.0.tgz",
      "integrity": "sha1-fv9fEhWY+iMqIg+OAL0lKmoiPok="
    },
    "chart": {
      "version": "github:jstrace/chart#27bef25d26a3dab4d403d86fb7740748aafac89b",
      "from": "github:jstrace/chart",
      "requires": {
        "array-matrix": "1.0.0"
      }
    },
    "clear": {
      "version": "0.0.1",
      "resolved": "https://registry.npmjs.org/clear/-/clear-0.0.1.tgz",
      "integrity": "sha1-5RhuIp2ZRIF5wTAxG2+dML/2sLo="
    },
    "ws": {
      "version": "7.2.5",
      "resolved": "https://registry.npmjs.org/ws/-/ws-7.2.5.tgz",
      "integrity": "sha512-C34cIU4+DB2vMyAbmEKossWq2ZQDr6QEyuuCzWrM9zfw1sGc0mYiJ0UnG9zzNykt49C2Fi34hvr2vssFQRS6EA=="
    }
  }
}
